
Microsoft Visual Studio Solution File, Format Version 12.00
# Visual Studio 14
VisualStudioVersion = 14.0.25420.1
MinimumVisualStudioVersion = 10.0.40219.1
Project("{FAE04EC0-301F-11D3-BF4B-00C04F79EFBC}") = "Parcial", "Parcial\Parcial.csproj", "{62687472-9E25-438D-BB00-5BEB79312564}"
EndProject
Project("{FAE04EC0-301F-11D3-BF4B-00C04F79EFBC}") = "CLASES", "CLASES\CLASES.csproj", "{1F6A813E-2FE2-4EDD-A174-47A5FA4A5C0E}"
EndProject
Global
	GlobalSection(SolutionConfigurationPlatforms) = preSolution
		Debug|Any CPU = Debug|Any CPU
		Release|Any CPU = Release|Any CPU
	EndGlobalSection
	GlobalSection(ProjectConfigurationPlatforms) = postSolution
		{62687472-9E25-438D-BB00-5BEB79312564}.Debug|Any CPU.ActiveCfg = Debug|Any CPU
		{62687472-9E25-438D-BB00-5BEB79312564}.Debug|Any CPU.Build.0 = Debug|Any CPU
		{62687472-9E25-438D-BB00-5BEB79312564}.Release|Any CPU.ActiveCfg = Release|Any CPU
		{62687472-9E25-438D-BB00-5BEB79312564}.Release|Any CPU.Build.0 = Release|Any CPU
		{1F6A813E-2FE2-4EDD-A174-47A5FA4A5C0E}.Debug|Any CPU.ActiveCfg = Debug|Any CPU
		{1F6A813E-2FE2-4EDD-A174-47A5FA4A5C0E}.Debug|Any CPU.Build.0 = Debug|Any CPU
		{1F6A813E-2FE2-4EDD-A174-47A5FA4A5C0E}.Release|Any CPU.ActiveCfg = Release|Any CPU
		{1F6A813E-2FE2-4EDD-A174-47A5FA4A5C0E}.Release|Any CPU.Build.0 = Release|Any CPU
	EndGlobalSection
	GlobalSection(SolutionProperties) = preSolution
		HideSolutionNode = FALSE
	EndGlobalSection
EndGlobal
