
Microsoft Visual Studio Solution File, Format Version 12.00
# Visual Studio 14
VisualStudioVersion = 14.0.25420.1
MinimumVisualStudioVersion = 10.0.40219.1
Project("{FAE04EC0-301F-11D3-BF4B-00C04F79EFBC}") = "GUI", "Clase 2\GUI.csproj", "{F920E1D7-1698-4819-AD5B-229302528F12}"
EndProject
Project("{FAE04EC0-301F-11D3-BF4B-00C04F79EFBC}") = "BLL", "BLL\BLL.csproj", "{F3EA496A-2251-43C7-8BC4-BC6DEA21304E}"
EndProject
Project("{FAE04EC0-301F-11D3-BF4B-00C04F79EFBC}") = "DAL", "DAL\DAL.csproj", "{9ECE7B51-38B3-42FC-B7E0-76873FD32B4B}"
EndProject
Project("{FAE04EC0-301F-11D3-BF4B-00C04F79EFBC}") = "BE", "BE\BE.csproj", "{6DD91270-EADF-4747-985D-603EF82D6755}"
EndProject
Global
	GlobalSection(SolutionConfigurationPlatforms) = preSolution
		Debug|Any CPU = Debug|Any CPU
		Release|Any CPU = Release|Any CPU
	EndGlobalSection
	GlobalSection(ProjectConfigurationPlatforms) = postSolution
		{F920E1D7-1698-4819-AD5B-229302528F12}.Debug|Any CPU.ActiveCfg = Debug|Any CPU
		{F920E1D7-1698-4819-AD5B-229302528F12}.Debug|Any CPU.Build.0 = Debug|Any CPU
		{F920E1D7-1698-4819-AD5B-229302528F12}.Release|Any CPU.ActiveCfg = Release|Any CPU
		{F920E1D7-1698-4819-AD5B-229302528F12}.Release|Any CPU.Build.0 = Release|Any CPU
		{F3EA496A-2251-43C7-8BC4-BC6DEA21304E}.Debug|Any CPU.ActiveCfg = Debug|Any CPU
		{F3EA496A-2251-43C7-8BC4-BC6DEA21304E}.Debug|Any CPU.Build.0 = Debug|Any CPU
		{F3EA496A-2251-43C7-8BC4-BC6DEA21304E}.Release|Any CPU.ActiveCfg = Release|Any CPU
		{F3EA496A-2251-43C7-8BC4-BC6DEA21304E}.Release|Any CPU.Build.0 = Release|Any CPU
		{9ECE7B51-38B3-42FC-B7E0-76873FD32B4B}.Debug|Any CPU.ActiveCfg = Debug|Any CPU
		{9ECE7B51-38B3-42FC-B7E0-76873FD32B4B}.Debug|Any CPU.Build.0 = Debug|Any CPU
		{9ECE7B51-38B3-42FC-B7E0-76873FD32B4B}.Release|Any CPU.ActiveCfg = Release|Any CPU
		{9ECE7B51-38B3-42FC-B7E0-76873FD32B4B}.Release|Any CPU.Build.0 = Release|Any CPU
		{6DD91270-EADF-4747-985D-603EF82D6755}.Debug|Any CPU.ActiveCfg = Debug|Any CPU
		{6DD91270-EADF-4747-985D-603EF82D6755}.Debug|Any CPU.Build.0 = Debug|Any CPU
		{6DD91270-EADF-4747-985D-603EF82D6755}.Release|Any CPU.ActiveCfg = Release|Any CPU
		{6DD91270-EADF-4747-985D-603EF82D6755}.Release|Any CPU.Build.0 = Release|Any CPU
	EndGlobalSection
	GlobalSection(SolutionProperties) = preSolution
		HideSolutionNode = FALSE
	EndGlobalSection
EndGlobal
