
Microsoft Visual Studio Solution File, Format Version 12.00
# Visual Studio 14
VisualStudioVersion = 14.0.25420.1
MinimumVisualStudioVersion = 10.0.40219.1
Project("{FAE04EC0-301F-11D3-BF4B-00C04F79EFBC}") = "EJERCICIO Nº 6", "EJERCICIO Nº 6\EJERCICIO Nº 6.csproj", "{F72E311C-77F8-4082-A747-AB0A019BCB79}"
EndProject
Project("{FAE04EC0-301F-11D3-BF4B-00C04F79EFBC}") = "HOTEL", "HOTEL\HOTEL.csproj", "{4134B793-EA17-49F1-A016-64A8DF2ABC04}"
EndProject
Global
	GlobalSection(SolutionConfigurationPlatforms) = preSolution
		Debug|Any CPU = Debug|Any CPU
		Release|Any CPU = Release|Any CPU
	EndGlobalSection
	GlobalSection(ProjectConfigurationPlatforms) = postSolution
		{F72E311C-77F8-4082-A747-AB0A019BCB79}.Debug|Any CPU.ActiveCfg = Debug|Any CPU
		{F72E311C-77F8-4082-A747-AB0A019BCB79}.Debug|Any CPU.Build.0 = Debug|Any CPU
		{F72E311C-77F8-4082-A747-AB0A019BCB79}.Release|Any CPU.ActiveCfg = Release|Any CPU
		{F72E311C-77F8-4082-A747-AB0A019BCB79}.Release|Any CPU.Build.0 = Release|Any CPU
		{4134B793-EA17-49F1-A016-64A8DF2ABC04}.Debug|Any CPU.ActiveCfg = Debug|Any CPU
		{4134B793-EA17-49F1-A016-64A8DF2ABC04}.Debug|Any CPU.Build.0 = Debug|Any CPU
		{4134B793-EA17-49F1-A016-64A8DF2ABC04}.Release|Any CPU.ActiveCfg = Release|Any CPU
		{4134B793-EA17-49F1-A016-64A8DF2ABC04}.Release|Any CPU.Build.0 = Release|Any CPU
	EndGlobalSection
	GlobalSection(SolutionProperties) = preSolution
		HideSolutionNode = FALSE
	EndGlobalSection
EndGlobal
