
Microsoft Visual Studio Solution File, Format Version 12.00
# Visual Studio 14
VisualStudioVersion = 14.0.25420.1
MinimumVisualStudioVersion = 10.0.40219.1
Project("{FAE04EC0-301F-11D3-BF4B-00C04F79EFBC}") = "GUI", "Posible parcial 2\GUI.csproj", "{101D61D7-EC28-4A8F-858D-2FF6AF1D3AFE}"
EndProject
Project("{FAE04EC0-301F-11D3-BF4B-00C04F79EFBC}") = "DAL", "DAL\DAL.csproj", "{56A2302E-B0CD-4B06-9DCF-76BEB95A7841}"
EndProject
Project("{FAE04EC0-301F-11D3-BF4B-00C04F79EFBC}") = "BLL", "BLL\BLL.csproj", "{2923E8A5-5C38-4475-BB74-548F541751F3}"
EndProject
Project("{FAE04EC0-301F-11D3-BF4B-00C04F79EFBC}") = "BE", "BE\BE.csproj", "{46384851-37C7-40F4-BAAC-6D3FE399177D}"
EndProject
Global
	GlobalSection(SolutionConfigurationPlatforms) = preSolution
		Debug|Any CPU = Debug|Any CPU
		Release|Any CPU = Release|Any CPU
	EndGlobalSection
	GlobalSection(ProjectConfigurationPlatforms) = postSolution
		{101D61D7-EC28-4A8F-858D-2FF6AF1D3AFE}.Debug|Any CPU.ActiveCfg = Debug|Any CPU
		{101D61D7-EC28-4A8F-858D-2FF6AF1D3AFE}.Debug|Any CPU.Build.0 = Debug|Any CPU
		{101D61D7-EC28-4A8F-858D-2FF6AF1D3AFE}.Release|Any CPU.ActiveCfg = Release|Any CPU
		{101D61D7-EC28-4A8F-858D-2FF6AF1D3AFE}.Release|Any CPU.Build.0 = Release|Any CPU
		{56A2302E-B0CD-4B06-9DCF-76BEB95A7841}.Debug|Any CPU.ActiveCfg = Debug|Any CPU
		{56A2302E-B0CD-4B06-9DCF-76BEB95A7841}.Debug|Any CPU.Build.0 = Debug|Any CPU
		{56A2302E-B0CD-4B06-9DCF-76BEB95A7841}.Release|Any CPU.ActiveCfg = Release|Any CPU
		{56A2302E-B0CD-4B06-9DCF-76BEB95A7841}.Release|Any CPU.Build.0 = Release|Any CPU
		{2923E8A5-5C38-4475-BB74-548F541751F3}.Debug|Any CPU.ActiveCfg = Debug|Any CPU
		{2923E8A5-5C38-4475-BB74-548F541751F3}.Debug|Any CPU.Build.0 = Debug|Any CPU
		{2923E8A5-5C38-4475-BB74-548F541751F3}.Release|Any CPU.ActiveCfg = Release|Any CPU
		{2923E8A5-5C38-4475-BB74-548F541751F3}.Release|Any CPU.Build.0 = Release|Any CPU
		{46384851-37C7-40F4-BAAC-6D3FE399177D}.Debug|Any CPU.ActiveCfg = Debug|Any CPU
		{46384851-37C7-40F4-BAAC-6D3FE399177D}.Debug|Any CPU.Build.0 = Debug|Any CPU
		{46384851-37C7-40F4-BAAC-6D3FE399177D}.Release|Any CPU.ActiveCfg = Release|Any CPU
		{46384851-37C7-40F4-BAAC-6D3FE399177D}.Release|Any CPU.Build.0 = Release|Any CPU
	EndGlobalSection
	GlobalSection(SolutionProperties) = preSolution
		HideSolutionNode = FALSE
	EndGlobalSection
EndGlobal
