
Microsoft Visual Studio Solution File, Format Version 12.00
# Visual Studio 14
VisualStudioVersion = 14.0.24720.0
MinimumVisualStudioVersion = 10.0.40219.1
Project("{FAE04EC0-301F-11D3-BF4B-00C04F79EFBC}") = "PRocesos", "PRocesos\PRocesos.csproj", "{A8E1CC73-24E3-4D45-8C7D-7BF99C57ED7C}"
EndProject
Project("{FAE04EC0-301F-11D3-BF4B-00C04F79EFBC}") = "SubPRocesos", "SubPRocesos\SubPRocesos.csproj", "{C961B8EB-3A73-44E1-B279-116549D48633}"
EndProject
Global
	GlobalSection(SolutionConfigurationPlatforms) = preSolution
		Debug|Any CPU = Debug|Any CPU
		Release|Any CPU = Release|Any CPU
	EndGlobalSection
	GlobalSection(ProjectConfigurationPlatforms) = postSolution
		{A8E1CC73-24E3-4D45-8C7D-7BF99C57ED7C}.Debug|Any CPU.ActiveCfg = Debug|Any CPU
		{A8E1CC73-24E3-4D45-8C7D-7BF99C57ED7C}.Debug|Any CPU.Build.0 = Debug|Any CPU
		{A8E1CC73-24E3-4D45-8C7D-7BF99C57ED7C}.Release|Any CPU.ActiveCfg = Release|Any CPU
		{A8E1CC73-24E3-4D45-8C7D-7BF99C57ED7C}.Release|Any CPU.Build.0 = Release|Any CPU
		{C961B8EB-3A73-44E1-B279-116549D48633}.Debug|Any CPU.ActiveCfg = Debug|Any CPU
		{C961B8EB-3A73-44E1-B279-116549D48633}.Debug|Any CPU.Build.0 = Debug|Any CPU
		{C961B8EB-3A73-44E1-B279-116549D48633}.Release|Any CPU.ActiveCfg = Release|Any CPU
		{C961B8EB-3A73-44E1-B279-116549D48633}.Release|Any CPU.Build.0 = Release|Any CPU
	EndGlobalSection
	GlobalSection(SolutionProperties) = preSolution
		HideSolutionNode = FALSE
	EndGlobalSection
EndGlobal
